{
    "version": 3,
    "terraform_version": "0.11.8",
    "serial": 64,
    "lineage": "479a587f-7c59-564d-1fb2-3f469bcec7b8",
    "modules": [
        {
            "path": [
                "root"
            ],
            "outputs": {},
            "resources": {
                "google_compute_firewall.default": {
                    "type": "google_compute_firewall",
                    "depends_on": [],
                    "primary": {
                        "id": "python-systemd-http-server-firewall",
                        "attributes": {
                            "allow.#": "2",
                            "allow.1367131964.ports.#": "0",
                            "allow.1367131964.protocol": "icmp",
                            "allow.2979411810.ports.#": "2",
                            "allow.2979411810.ports.0": "22",
                            "allow.2979411810.ports.1": "9000",
                            "allow.2979411810.protocol": "tcp",
                            "creation_timestamp": "2018-08-23T08:02:26.168-07:00",
                            "deny.#": "0",
                            "description": "",
                            "destination_ranges.#": "0",
                            "direction": "INGRESS",
                            "disabled": "false",
                            "id": "python-systemd-http-server-firewall",
                            "name": "python-systemd-http-server-firewall",
                            "network": "https://www.googleapis.com/compute/v1/projects/bob-python-systemd-http-server/global/networks/default",
                            "priority": "1000",
                            "project": "bob-python-systemd-http-server",
                            "self_link": "https://www.googleapis.com/compute/v1/projects/bob-python-systemd-http-server/global/firewalls/python-systemd-http-server-firewall",
                            "source_ranges.#": "1",
                            "source_ranges.1080289494": "0.0.0.0/0",
                            "source_service_accounts.#": "0",
                            "source_tags.#": "0",
                            "target_service_accounts.#": "0",
                            "target_tags.#": "1",
                            "target_tags.1518025018": "python-systemd-http-server"
                        },
                        "meta": {
                            "e2bfb730-ecaa-11e6-8f88-34363bc7c4c0": {
                                "create": 240000000000,
                                "delete": 240000000000,
                                "update": 240000000000
                            },
                            "schema_version": "1"
                        },
                        "tainted": false
                    },
                    "deposed": [],
                    "provider": "provider.google"
                },
                "google_compute_instance.default": {
                    "type": "google_compute_instance",
                    "depends_on": [],
                    "primary": {
                        "id": "python-systemd-http-server",
                        "attributes": {
                            "attached_disk.#": "0",
                            "boot_disk.#": "1",
                            "boot_disk.0.auto_delete": "true",
                            "boot_disk.0.device_name": "persistent-disk-0",
                            "boot_disk.0.disk_encryption_key_raw": "",
                            "boot_disk.0.disk_encryption_key_sha256": "",
                            "boot_disk.0.initialize_params.#": "1",
                            "boot_disk.0.initialize_params.0.image": "https://www.googleapis.com/compute/v1/projects/centos-cloud/global/images/centos-7-v20180815",
                            "boot_disk.0.initialize_params.0.size": "10",
                            "boot_disk.0.initialize_params.0.type": "pd-standard",
                            "boot_disk.0.source": "https://www.googleapis.com/compute/v1/projects/bob-python-systemd-http-server/zones/europe-west2-c/disks/python-systemd-http-server",
                            "can_ip_forward": "false",
                            "cpu_platform": "Intel Broadwell",
                            "create_timeout": "4",
                            "deletion_protection": "false",
                            "guest_accelerator.#": "0",
                            "id": "python-systemd-http-server",
                            "instance_id": "8677385187863261793",
                            "label_fingerprint": "42WmSpB8rSM=",
                            "labels.%": "0",
                            "machine_type": "f1-micro",
                            "metadata.%": "1",
                            "metadata.sshKeys": "terraform:ssh-rsa AAAAB3NzaC1yc2EAAAADAQABAAABAQCwE3caSIoyzbEdcc2/0aSNuvEOkF745Fumzc2HdiqAWfT8DKaHtj/kZDffLUHlRSh+W67fmoZh+EYQxAaiLQd97kNXtnUZbmYn5E11uBQK4/KorqjJdxNPnY/5f7knil+IyX2+yS4SW67DFTL5iyuGhhoRvcuhZ81jswPvNynLoACNvM/QjYG5t8G2V6m1H8EusHijVUL7BmOCBHu7DW6W+jX6nWNLCXK5gttprSnidEHGdcy99ssN3cTXllK+5VE0e3lUqx46y0BDjiF+UyC54xlnGfd5C4G+k3V1NrjE4MFExnxZ8taoqF//ObSJbOIRUztVrOaNojjCS7U9Am+v vagrant@localhost.localdomain\n",
                            "metadata_fingerprint": "To1HnJxXdvU=",
                            "metadata_startup_script": "",
                            "min_cpu_platform": "",
                            "name": "python-systemd-http-server",
                            "network_interface.#": "1",
                            "network_interface.0.access_config.#": "1",
                            "network_interface.0.access_config.0.assigned_nat_ip": "35.189.64.141",
                            "network_interface.0.access_config.0.nat_ip": "35.189.64.141",
                            "network_interface.0.access_config.0.network_tier": "PREMIUM",
                            "network_interface.0.access_config.0.public_ptr_domain_name": "",
                            "network_interface.0.address": "10.154.0.2",
                            "network_interface.0.alias_ip_range.#": "0",
                            "network_interface.0.name": "nic0",
                            "network_interface.0.network": "https://www.googleapis.com/compute/v1/projects/bob-python-systemd-http-server/global/networks/default",
                            "network_interface.0.network_ip": "10.154.0.2",
                            "network_interface.0.subnetwork": "https://www.googleapis.com/compute/v1/projects/bob-python-systemd-http-server/regions/europe-west2/subnetworks/default",
                            "network_interface.0.subnetwork_project": "bob-python-systemd-http-server",
                            "project": "bob-python-systemd-http-server",
                            "scheduling.#": "1",
                            "scheduling.0.automatic_restart": "false",
                            "scheduling.0.on_host_maintenance": "MIGRATE",
                            "scheduling.0.preemptible": "false",
                            "scratch_disk.#": "0",
                            "self_link": "https://www.googleapis.com/compute/v1/projects/bob-python-systemd-http-server/zones/europe-west2-c/instances/python-systemd-http-server",
                            "service_account.#": "0",
                            "tags.#": "1",
                            "tags.1518025018": "python-systemd-http-server",
                            "tags_fingerprint": "YRp1KPzcoDo=",
                            "zone": "europe-west2-c"
                        },
                        "meta": {
                            "e2bfb730-ecaa-11e6-8f88-34363bc7c4c0": {
                                "create": 360000000000,
                                "delete": 360000000000,
                                "update": 360000000000
                            },
                            "schema_version": "6"
                        },
                        "tainted": false
                    },
                    "deposed": [],
                    "provider": "provider.google"
                }
            },
            "depends_on": []
        }
    ]
}
