{
    "version": 3,
    "terraform_version": "0.11.8",
    "serial": 46,
    "lineage": "479a587f-7c59-564d-1fb2-3f469bcec7b8",
    "modules": [
        {
            "path": [
                "root"
            ],
            "outputs": {},
            "resources": {
                "google_compute_instance.default": {
                    "type": "google_compute_instance",
                    "depends_on": [],
                    "primary": {
                        "id": "default",
                        "attributes": {
                            "attached_disk.#": "0",
                            "boot_disk.#": "1",
                            "boot_disk.0.auto_delete": "true",
                            "boot_disk.0.device_name": "persistent-disk-0",
                            "boot_disk.0.disk_encryption_key_raw": "",
                            "boot_disk.0.disk_encryption_key_sha256": "",
                            "boot_disk.0.initialize_params.#": "1",
                            "boot_disk.0.initialize_params.0.image": "https://www.googleapis.com/compute/v1/projects/centos-cloud/global/images/centos-7-v20180815",
                            "boot_disk.0.initialize_params.0.size": "10",
                            "boot_disk.0.initialize_params.0.type": "pd-standard",
                            "boot_disk.0.source": "https://www.googleapis.com/compute/v1/projects/zeta-rush-204812/zones/europe-west2-c/disks/default",
                            "can_ip_forward": "false",
                            "cpu_platform": "Intel Broadwell",
                            "create_timeout": "4",
                            "deletion_protection": "false",
                            "guest_accelerator.#": "0",
                            "id": "default",
                            "instance_id": "1071426061483380580",
                            "label_fingerprint": "42WmSpB8rSM=",
                            "labels.%": "0",
                            "machine_type": "f1-micro",
                            "metadata.%": "1",
                            "metadata.sshKeys": "terraform:ssh-rsa AAAAB3NzaC1yc2EAAAADAQABAAABAQCwE3caSIoyzbEdcc2/0aSNuvEOkF745Fumzc2HdiqAWfT8DKaHtj/kZDffLUHlRSh+W67fmoZh+EYQxAaiLQd97kNXtnUZbmYn5E11uBQK4/KorqjJdxNPnY/5f7knil+IyX2+yS4SW67DFTL5iyuGhhoRvcuhZ81jswPvNynLoACNvM/QjYG5t8G2V6m1H8EusHijVUL7BmOCBHu7DW6W+jX6nWNLCXK5gttprSnidEHGdcy99ssN3cTXllK+5VE0e3lUqx46y0BDjiF+UyC54xlnGfd5C4G+k3V1NrjE4MFExnxZ8taoqF//ObSJbOIRUztVrOaNojjCS7U9Am+v vagrant@localhost.localdomain\n",
                            "metadata_fingerprint": "khDQhAgXsdk=",
                            "metadata_startup_script": "",
                            "min_cpu_platform": "",
                            "name": "default",
                            "network_interface.#": "1",
                            "network_interface.0.access_config.#": "1",
                            "network_interface.0.access_config.0.assigned_nat_ip": "35.189.99.39",
                            "network_interface.0.access_config.0.nat_ip": "35.189.99.39",
                            "network_interface.0.access_config.0.network_tier": "PREMIUM",
                            "network_interface.0.access_config.0.public_ptr_domain_name": "",
                            "network_interface.0.address": "10.154.0.2",
                            "network_interface.0.alias_ip_range.#": "0",
                            "network_interface.0.name": "nic0",
                            "network_interface.0.network": "https://www.googleapis.com/compute/v1/projects/zeta-rush-204812/global/networks/default",
                            "network_interface.0.network_ip": "10.154.0.2",
                            "network_interface.0.subnetwork": "https://www.googleapis.com/compute/v1/projects/zeta-rush-204812/regions/europe-west2/subnetworks/default",
                            "network_interface.0.subnetwork_project": "zeta-rush-204812",
                            "project": "zeta-rush-204812",
                            "scheduling.#": "1",
                            "scheduling.0.automatic_restart": "false",
                            "scheduling.0.on_host_maintenance": "MIGRATE",
                            "scheduling.0.preemptible": "false",
                            "scratch_disk.#": "0",
                            "self_link": "https://www.googleapis.com/compute/v1/projects/zeta-rush-204812/zones/europe-west2-c/instances/default",
                            "service_account.#": "0",
                            "tags.#": "0",
                            "tags_fingerprint": "42WmSpB8rSM=",
                            "zone": "europe-west2-c"
                        },
                        "meta": {
                            "e2bfb730-ecaa-11e6-8f88-34363bc7c4c0": {
                                "create": 360000000000,
                                "delete": 360000000000,
                                "update": 360000000000
                            },
                            "schema_version": "6"
                        },
                        "tainted": false
                    },
                    "deposed": [],
                    "provider": "provider.google"
                }
            },
            "depends_on": []
        }
    ]
}
