{
  "version": 4,
  "terraform_version": "0.12.5",
  "serial": 99,
  "lineage": "d3352a48-fb97-f8a7-b9cb-ce37b81c7388",
  "outputs": {},
  "resources": [
    {
      "mode": "managed",
      "type": "aws_instance",
      "name": "default",
      "provider": "provider.aws",
      "instances": [
        {
          "schema_version": 1,
          "attributes": {
            "ami": "ami-0c30afcb7ab02233d",
            "arn": "arn:aws:ec2:eu-west-2:847151757780:instance/i-0a608bd06fc9d38ce",
            "associate_public_ip_address": true,
            "availability_zone": "eu-west-2c",
            "cpu_core_count": 1,
            "cpu_threads_per_core": 1,
            "credit_specification": [
              {
                "cpu_credits": "standard"
              }
            ],
            "disable_api_termination": false,
            "ebs_block_device": [],
            "ebs_optimized": false,
            "ephemeral_block_device": [],
            "get_password_data": false,
            "host_id": null,
            "iam_instance_profile": "",
            "id": "i-0a608bd06fc9d38ce",
            "instance_initiated_shutdown_behavior": null,
            "instance_state": "running",
            "instance_type": "t2.micro",
            "ipv6_address_count": 0,
            "ipv6_addresses": [],
            "key_name": "default-key-pair",
            "monitoring": false,
            "network_interface": [],
            "network_interface_id": null,
            "password_data": "",
            "placement_group": "",
            "primary_network_interface_id": "eni-0f45802b64c228505",
            "private_dns": "ip-10-0-0-157.eu-west-2.compute.internal",
            "private_ip": "10.0.0.157",
            "public_dns": "",
            "public_ip": "35.178.190.97",
            "root_block_device": [
              {
                "delete_on_termination": true,
                "iops": 100,
                "volume_id": "vol-0da1796b7a548ac26",
                "volume_size": 8,
                "volume_type": "gp2"
              }
            ],
            "security_groups": [],
            "source_dest_check": true,
            "subnet_id": "subnet-059abd80195f19193",
            "tags": null,
            "tenancy": "default",
            "timeouts": null,
            "user_data": null,
            "user_data_base64": null,
            "volume_tags": {},
            "vpc_security_group_ids": [
              "sg-0c970fcaae09eaf37"
            ]
          },
          "private": "eyJlMmJmYjczMC1lY2FhLTExZTYtOGY4OC0zNDM2M2JjN2M0YzAiOnsiY3JlYXRlIjo2MDAwMDAwMDAwMDAsImRlbGV0ZSI6MTIwMDAwMDAwMDAwMCwidXBkYXRlIjo2MDAwMDAwMDAwMDB9LCJzY2hlbWFfdmVyc2lvbiI6IjEifQ==",
          "depends_on": [
            "aws_security_group.default",
            "aws_subnet.default"
          ]
        }
      ]
    },
    {
      "mode": "managed",
      "type": "aws_internet_gateway",
      "name": "default",
      "provider": "provider.aws",
      "instances": [
        {
          "schema_version": 0,
          "attributes": {
            "id": "igw-008c9d2b96a4f2958",
            "owner_id": "847151757780",
            "tags": null,
            "vpc_id": "vpc-0c687d05d09127f4a"
          },
          "private": "bnVsbA==",
          "depends_on": [
            "aws_vpc.default"
          ]
        }
      ]
    },
    {
      "mode": "managed",
      "type": "aws_key_pair",
      "name": "default",
      "provider": "provider.aws",
      "instances": [
        {
          "schema_version": 1,
          "attributes": {
            "fingerprint": "4f:97:bd:75:63:4a:84:34:b8:f6:29:d1:c2:ae:53:dd",
            "id": "default-key-pair",
            "key_name": "default-key-pair",
            "key_name_prefix": null,
            "public_key": "ssh-rsa AAAAB3NzaC1yc2EAAAADAQABAAABAQDDNvz/N+D1qk8dq8ozAKdNc786Q8u6LTDfeddvzcX+0qefRn5R4lWruO3bgaTUyNme25J/Eue4eEGxnMyDEnKN/NTScVH04+KmmGYnK5bHvTGm9e9lkv+xpHpnKFLLhItEQGJiY3rFSd2LCBvC7BYmb6PWSzpIyE6nva5DR43uCUpATQWrqKgL53DcIfbxXBWDpwRAOZxSQUDL37oTFIhj1STPqJQKr4rfUqysfHWFpD6PJ8o2nzZTHOJDRC0l5hwlqlnpge0bNMGhgkQWn8QHS5gPbyfDYxTBWFiWy1cVsnaxWRhr0eNz+KqqSs2zazhBq2X6Bg/Vg5VmuFNCX/xD bob@archlinux"
          },
          "private": "eyJzY2hlbWFfdmVyc2lvbiI6IjEifQ=="
        }
      ]
    },
    {
      "mode": "managed",
      "type": "aws_main_route_table_association",
      "name": "default",
      "provider": "provider.aws",
      "instances": [
        {
          "schema_version": 0,
          "attributes": {
            "id": "rtbassoc-0616e346ab6768fc2",
            "original_route_table_id": "rtb-0eb5ffa160aaa0b8f",
            "route_table_id": "rtb-060dd9ce89d04dbc9",
            "vpc_id": "vpc-0c687d05d09127f4a"
          },
          "private": "bnVsbA==",
          "depends_on": [
            "aws_route_table.default",
            "aws_vpc.default"
          ]
        }
      ]
    },
    {
      "mode": "managed",
      "type": "aws_route_table",
      "name": "default",
      "provider": "provider.aws",
      "instances": [
        {
          "schema_version": 0,
          "attributes": {
            "id": "rtb-060dd9ce89d04dbc9",
            "owner_id": "847151757780",
            "propagating_vgws": [],
            "route": [
              {
                "cidr_block": "0.0.0.0/0",
                "egress_only_gateway_id": "",
                "gateway_id": "igw-008c9d2b96a4f2958",
                "instance_id": "",
                "ipv6_cidr_block": "",
                "nat_gateway_id": "",
                "network_interface_id": "",
                "transit_gateway_id": "",
                "vpc_peering_connection_id": ""
              }
            ],
            "tags": null,
            "vpc_id": "vpc-0c687d05d09127f4a"
          },
          "private": "bnVsbA==",
          "depends_on": [
            "aws_internet_gateway.default",
            "aws_vpc.default"
          ]
        }
      ]
    },
    {
      "mode": "managed",
      "type": "aws_security_group",
      "name": "default",
      "provider": "provider.aws",
      "instances": [
        {
          "schema_version": 1,
          "attributes": {
            "arn": "arn:aws:ec2:eu-west-2:847151757780:security-group/sg-0c970fcaae09eaf37",
            "description": "Default Security Group",
            "egress": [
              {
                "cidr_blocks": [
                  "0.0.0.0/0"
                ],
                "description": "",
                "from_port": 0,
                "ipv6_cidr_blocks": [],
                "prefix_list_ids": [],
                "protocol": "-1",
                "security_groups": [],
                "self": false,
                "to_port": 0
              }
            ],
            "id": "sg-0c970fcaae09eaf37",
            "ingress": [
              {
                "cidr_blocks": [
                  "0.0.0.0/0"
                ],
                "description": "",
                "from_port": 22,
                "ipv6_cidr_blocks": [],
                "prefix_list_ids": [],
                "protocol": "tcp",
                "security_groups": [],
                "self": false,
                "to_port": 22
              }
            ],
            "name": "default-security-group",
            "name_prefix": null,
            "owner_id": "847151757780",
            "revoke_rules_on_delete": false,
            "tags": null,
            "timeouts": null,
            "vpc_id": "vpc-0c687d05d09127f4a"
          },
          "private": "eyJlMmJmYjczMC1lY2FhLTExZTYtOGY4OC0zNDM2M2JjN2M0YzAiOnsiY3JlYXRlIjo2MDAwMDAwMDAwMDAsImRlbGV0ZSI6NjAwMDAwMDAwMDAwfSwic2NoZW1hX3ZlcnNpb24iOiIxIn0=",
          "depends_on": [
            "aws_vpc.default"
          ]
        }
      ]
    },
    {
      "mode": "managed",
      "type": "aws_subnet",
      "name": "default",
      "provider": "provider.aws",
      "instances": [
        {
          "schema_version": 1,
          "attributes": {
            "arn": "arn:aws:ec2:eu-west-2:847151757780:subnet/subnet-059abd80195f19193",
            "assign_ipv6_address_on_creation": false,
            "availability_zone": "eu-west-2c",
            "availability_zone_id": "euw2-az1",
            "cidr_block": "10.0.0.0/24",
            "id": "subnet-059abd80195f19193",
            "ipv6_cidr_block": "",
            "ipv6_cidr_block_association_id": "",
            "map_public_ip_on_launch": false,
            "owner_id": "847151757780",
            "tags": null,
            "timeouts": null,
            "vpc_id": "vpc-0c687d05d09127f4a"
          },
          "private": "eyJlMmJmYjczMC1lY2FhLTExZTYtOGY4OC0zNDM2M2JjN2M0YzAiOnsiY3JlYXRlIjo2MDAwMDAwMDAwMDAsImRlbGV0ZSI6MTIwMDAwMDAwMDAwMH0sInNjaGVtYV92ZXJzaW9uIjoiMSJ9",
          "depends_on": [
            "aws_vpc.default"
          ]
        }
      ]
    },
    {
      "mode": "managed",
      "type": "aws_vpc",
      "name": "default",
      "provider": "provider.aws",
      "instances": [
        {
          "schema_version": 1,
          "attributes": {
            "arn": "arn:aws:ec2:eu-west-2:847151757780:vpc/vpc-0c687d05d09127f4a",
            "assign_generated_ipv6_cidr_block": false,
            "cidr_block": "10.0.0.0/16",
            "default_network_acl_id": "acl-002b718ea5cf2043d",
            "default_route_table_id": "rtb-0eb5ffa160aaa0b8f",
            "default_security_group_id": "sg-09eae02a29ddec02e",
            "dhcp_options_id": "dopt-0481dff28e0e8af9a",
            "enable_classiclink": null,
            "enable_classiclink_dns_support": null,
            "enable_dns_hostnames": false,
            "enable_dns_support": true,
            "id": "vpc-0c687d05d09127f4a",
            "instance_tenancy": "default",
            "ipv6_association_id": "",
            "ipv6_cidr_block": "",
            "main_route_table_id": "rtb-0eb5ffa160aaa0b8f",
            "owner_id": "847151757780",
            "tags": null
          },
          "private": "eyJzY2hlbWFfdmVyc2lvbiI6IjEifQ=="
        }
      ]
    }
  ]
}
